lockfileVersion: '6.0'

settings:
  autoInstallPeers: true
  excludeLinksFromLockfile: false

importers:

  .:
    devDependencies:
      '@grafbase/sdk':
        specifier: ~0.21.0
        version: 0.21.0
      grafbase:
        specifier: ^0.70.0
        version: 0.70.0

  apps/gateway: {}

  apps/products: {}

  apps/reviews: {}

packages:

  /@grafbase/cli-aarch64-apple-darwin@0.70.0:
    resolution: {integrity: sha512-5zCHcBk9XrrlJGH7GuCPFp9mAQutP1oIvly9x43qv9/m3uo/P49N0LST5ZQRqVrIZpZj/2bsy00ty/BrwOm3KQ==}
    cpu: [arm64]
    os: [darwin]
    requiresBuild: true
    dev: true
    optional: true

  /@grafbase/cli-aarch64-unknown-linux-musl@0.70.0:
    resolution: {integrity: sha512-RoydCbNa/Q/FVhhHaorwCqbEweNa9+UHD5NGDpCeimuuzAvAtiJqj+ZyP7kcPNg2A/jObxvtNT58zj2PHZXPFg==}
    cpu: [arm64]
    os: [linux]
    requiresBuild: true
    dev: true
    optional: true

  /@grafbase/cli-x86_64-apple-darwin@0.70.0:
    resolution: {integrity: sha512-XV30wo03Eu+KjM3WFpfJG3DE7Wu2gpfbrweRdzM3q9EUDxzB1czx5c6jliOqtpHstioMDUROnZ0lklSMjZlnYA==}
    cpu: [x64]
    os: [darwin]
    requiresBuild: true
    dev: true
    optional: true

  /@grafbase/cli-x86_64-pc-windows-msvc@0.70.0:
    resolution: {integrity: sha512-vl6cv+Hb+FwSFNTKMawxpMq2a79gz0PSoZNR6rG5oXgL9HF9c8PCqRzgG7OnLQhKR0C6uzGUpyKnC4YVCetHUw==}
    cpu: [x64]
    os: [win32]
    requiresBuild: true
    dev: true
    optional: true

  /@grafbase/cli-x86_64-unknown-linux-musl@0.70.0:
    resolution: {integrity: sha512-066UL/ZxFO6YDVJad5TpFn4HT9uGkmaJ/kGjAOpn2/hCvzylRX2yWyjHIbOb0aVN4io+5B6YUa39p8gaGUR13g==}
    cpu: [x64]
    os: [linux]
    requiresBuild: true
    dev: true
    optional: true

  /@grafbase/sdk@0.21.0:
    resolution: {integrity: sha512-X1aZ4vJq6+FwarCUzQVvf2e5rGXexESdtAvBNW2MHawNL6xrSIH4CpmuRMPI/2XDEGwlDlpet4n61ZFrr3K8iQ==}
    engines: {node: '>=16.13.0'}
    dependencies:
      dotenv: 16.4.4
      type-fest: 4.10.2
    dev: true

  /dotenv@16.4.4:
    resolution: {integrity: sha512-XvPXc8XAQThSjAbY6cQ/9PcBXmFoWuw1sQ3b8HqUCR6ziGXjkTi//kB9SWa2UwqlgdAIuRqAa/9hVljzPehbYg==}
    engines: {node: '>=12'}
    dev: true

  /grafbase@0.70.0:
    resolution: {integrity: sha512-4+7a5jOqYyX/bWMeVzIorzyPt7Y9mAT1QnW8JmvIx5V4e3rrh6Nzxbe59wqBLqGGR6rHXpOrzTgP+ZuacShRjA==}
    hasBin: true
    requiresBuild: true
    optionalDependencies:
      '@grafbase/cli-aarch64-apple-darwin': 0.70.0
      '@grafbase/cli-aarch64-unknown-linux-musl': 0.70.0
      '@grafbase/cli-x86_64-apple-darwin': 0.70.0
      '@grafbase/cli-x86_64-pc-windows-msvc': 0.70.0
      '@grafbase/cli-x86_64-unknown-linux-musl': 0.70.0
    dev: true

  /type-fest@4.10.2:
    resolution: {integrity: sha512-anpAG63wSpdEbLwOqH8L84urkL6PiVIov3EMmgIhhThevh9aiMQov+6Btx0wldNcvm4wV+e2/Rt1QdDwKHFbHw==}
    engines: {node: '>=16'}
    dev: true
