lockfileVersion: '9.0'

settings:
  autoInstallPeers: true
  excludeLinksFromLockfile: false

importers:

  .:
    devDependencies:
      grafbase:
        specifier: ^0.71.4
        version: 0.71.4

  apps/gateway:
    devDependencies:
      '@grafbase/sdk':
        specifier: ~0.24.0
        version: 0.24.0

  apps/products:
    devDependencies:
      '@grafbase/sdk':
        specifier: ~0.24.0
        version: 0.24.0

  apps/reviews:
    devDependencies:
      '@grafbase/sdk':
        specifier: ~0.24.0
        version: 0.24.0

packages:

  '@grafbase/cli-aarch64-apple-darwin@0.71.4':
    resolution: {integrity: sha512-GgP5ZGZHg2HR8fzDtIlqqdGDnYRJUdInzat+APyWcBgqCrtgysON1OVMl6F2yc28dqFH0GB/w5bbmGdiB+yTrw==}
    cpu: [arm64]
    os: [darwin]

  '@grafbase/cli-aarch64-unknown-linux-musl@0.71.4':
    resolution: {integrity: sha512-NNUbt0z/AARMAG98qThimyMOLU41eMdOpMff5QjF/iTgl+7d7d9+C/f4xieaA7imo2ahcUzL77cfVUsQHpR1DQ==}
    cpu: [arm64]
    os: [linux]

  '@grafbase/cli-x86_64-apple-darwin@0.71.4':
    resolution: {integrity: sha512-rf1UwCjbEpnX/H5rFKA3mUPwrLzsHtnOicWLWZLNbggpbJbFM/VfaLV2ritiBl0oXpuglo4nO2hWKKKiIXpZRg==}
    cpu: [x64]
    os: [darwin]

  '@grafbase/cli-x86_64-pc-windows-msvc@0.71.4':
    resolution: {integrity: sha512-KZcbkE0oHZLiDFz6j3YxIdcJjaO4oU4HuUaZGQPYLrPe0kVxgYA7pfmAUsiks9DxygLdR4X4irb1/KpO3bFw5w==}
    cpu: [x64]
    os: [win32]

  '@grafbase/cli-x86_64-unknown-linux-musl@0.71.4':
    resolution: {integrity: sha512-pdgTKuSLLZravlvBdS6qps+SRxcWy7oBU9Q71Tsttq+X/oj8t791rvPbmtHwF9OzBH+dIrXqEEr5/c363y9dDw==}
    cpu: [x64]
    os: [linux]

  '@grafbase/sdk@0.24.0':
    resolution: {integrity: sha512-45SE8CWVqZ0HUdQCrNZ/mlpSIheMYlXmpjwVm2/o0H7aUU+3STaCKtByTEOc109tI+3DUSpNy2ZWMP3HMD0NZg==}
    engines: {node: '>=16.13.0'}

  dotenv@16.4.4:
    resolution: {integrity: sha512-XvPXc8XAQThSjAbY6cQ/9PcBXmFoWuw1sQ3b8HqUCR6ziGXjkTi//kB9SWa2UwqlgdAIuRqAa/9hVljzPehbYg==}
    engines: {node: '>=12'}

  grafbase@0.71.4:
    resolution: {integrity: sha512-nreR+Kt4of5LFUo+D95Zf+fA9nv0dlsy48ME/ORx1aYrUFd9nTjRvdjHJQcbpekDZKq+h/I8HSdu+PyxLFXpKQ==}
    hasBin: true

  type-fest@4.10.2:
    resolution: {integrity: sha512-anpAG63wSpdEbLwOqH8L84urkL6PiVIov3EMmgIhhThevh9aiMQov+6Btx0wldNcvm4wV+e2/Rt1QdDwKHFbHw==}
    engines: {node: '>=16'}

snapshots:

  '@grafbase/cli-aarch64-apple-darwin@0.71.4':
    optional: true

  '@grafbase/cli-aarch64-unknown-linux-musl@0.71.4':
    optional: true

  '@grafbase/cli-x86_64-apple-darwin@0.71.4':
    optional: true

  '@grafbase/cli-x86_64-pc-windows-msvc@0.71.4':
    optional: true

  '@grafbase/cli-x86_64-unknown-linux-musl@0.71.4':
    optional: true

  '@grafbase/sdk@0.24.0':
    dependencies:
      dotenv: 16.4.4
      type-fest: 4.10.2

  dotenv@16.4.4: {}

  grafbase@0.71.4:
    optionalDependencies:
      '@grafbase/cli-aarch64-apple-darwin': 0.71.4
      '@grafbase/cli-aarch64-unknown-linux-musl': 0.71.4
      '@grafbase/cli-x86_64-apple-darwin': 0.71.4
      '@grafbase/cli-x86_64-pc-windows-msvc': 0.71.4
      '@grafbase/cli-x86_64-unknown-linux-musl': 0.71.4

  type-fest@4.10.2: {}
